
Microsoft Visual Studio Solution File, Format Version 12.00
# Visual Studio Version 16
VisualStudioVersion = 16.0.30523.141
MinimumVisualStudioVersion = 10.0.40219.1
Project("{8BC9CEB8-8B4A-11D0-8D11-00A0C91BC942}") = "DynamickaPamet", "DynamickaPamet.vcxproj", "{CF4BF5AB-647F-45DC-99BC-CC06665ADB03}"
EndProject
Global
	GlobalSection(SolutionConfigurationPlatforms) = preSolution
		aaa|x64 = aaa|x64
		aaa|x86 = aaa|x86
		Debug|x64 = Debug|x64
		Debug|x86 = Debug|x86
		Release|x64 = Release|x64
		Release|x86 = Release|x86
	EndGlobalSection
	GlobalSection(ProjectConfigurationPlatforms) = postSolution
		{CF4BF5AB-647F-45DC-99BC-CC06665ADB03}.aaa|x64.ActiveCfg = aaa|Win32
		{CF4BF5AB-647F-45DC-99BC-CC06665ADB03}.aaa|x86.ActiveCfg = Debug|Win32
		{CF4BF5AB-647F-45DC-99BC-CC06665ADB03}.aaa|x86.Build.0 = Debug|Win32
		{CF4BF5AB-647F-45DC-99BC-CC06665ADB03}.Debug|x64.ActiveCfg = Debug|x64
		{CF4BF5AB-647F-45DC-99BC-CC06665ADB03}.Debug|x64.Build.0 = Debug|x64
		{CF4BF5AB-647F-45DC-99BC-CC06665ADB03}.Debug|x86.ActiveCfg = Release|Win32
		{CF4BF5AB-647F-45DC-99BC-CC06665ADB03}.Debug|x86.Build.0 = Release|Win32
		{CF4BF5AB-647F-45DC-99BC-CC06665ADB03}.Release|x64.ActiveCfg = Release|x64
		{CF4BF5AB-647F-45DC-99BC-CC06665ADB03}.Release|x64.Build.0 = Release|x64
		{CF4BF5AB-647F-45DC-99BC-CC06665ADB03}.Release|x86.ActiveCfg = Release|Win32
		{CF4BF5AB-647F-45DC-99BC-CC06665ADB03}.Release|x86.Build.0 = Release|Win32
	EndGlobalSection
	GlobalSection(SolutionProperties) = preSolution
		HideSolutionNode = FALSE
	EndGlobalSection
	GlobalSection(ExtensibilityGlobals) = postSolution
		SolutionGuid = {75F5641A-7DB5-4857-9611-CC84D8004CB9}
	EndGlobalSection
EndGlobal
